
Microsoft Visual Studio Solution File, Format Version 12.00
# Visual Studio 15
VisualStudioVersion = 15.0.26430.14
MinimumVisualStudioVersion = 10.0.40219.1
Project("{FAE04EC0-301F-11D3-BF4B-00C04F79EFBC}") = "WebApplicationTamperProof", "WebApplicationTamperProof\WebApplicationTamperProof.csproj", "{7A65F600-A7C2-4ABB-A8B9-654C7D3898C0}"
EndProject
Project("{FAE04EC0-301F-11D3-BF4B-00C04F79EFBC}") = "SecurityTamperProofQueryString", "SecurityTamperProofQueryString\SecurityTamperProofQueryString.csproj", "{BC651204-6C5F-4079-84D4-E02CCB8F04BD}"
EndProject
Global
	GlobalSection(SolutionConfigurationPlatforms) = preSolution
		Debug|Any CPU = Debug|Any CPU
		Release|Any CPU = Release|Any CPU
	EndGlobalSection
	GlobalSection(ProjectConfigurationPlatforms) = postSolution
		{7A65F600-A7C2-4ABB-A8B9-654C7D3898C0}.Debug|Any CPU.ActiveCfg = Debug|Any CPU
		{7A65F600-A7C2-4ABB-A8B9-654C7D3898C0}.Debug|Any CPU.Build.0 = Debug|Any CPU
		{7A65F600-A7C2-4ABB-A8B9-654C7D3898C0}.Release|Any CPU.ActiveCfg = Release|Any CPU
		{7A65F600-A7C2-4ABB-A8B9-654C7D3898C0}.Release|Any CPU.Build.0 = Release|Any CPU
		{BC651204-6C5F-4079-84D4-E02CCB8F04BD}.Debug|Any CPU.ActiveCfg = Debug|Any CPU
		{BC651204-6C5F-4079-84D4-E02CCB8F04BD}.Debug|Any CPU.Build.0 = Debug|Any CPU
		{BC651204-6C5F-4079-84D4-E02CCB8F04BD}.Release|Any CPU.ActiveCfg = Release|Any CPU
		{BC651204-6C5F-4079-84D4-E02CCB8F04BD}.Release|Any CPU.Build.0 = Release|Any CPU
	EndGlobalSection
	GlobalSection(SolutionProperties) = preSolution
		HideSolutionNode = FALSE
	EndGlobalSection
EndGlobal
